
Microsoft Visual Studio Solution File, Format Version 12.00
# Visual Studio Version 17
VisualStudioVersion = 17.0.31903.59
MinimumVisualStudioVersion = 10.0.40219.1
Project("{2150E333-8FDC-42A3-9474-1A3956D46DE8}") = "src", "src", "{E9A8AACE-8C4B-4C5C-9D3B-1D2F3B4E5F6A}"
EndProject
Project("{2150E333-8FDC-42A3-9474-1A3956D46DE8}") = "tests", "tests", "{F1B2C3D4-E5F6-7890-A1B2-C3D4E5F67890}"
EndProject
Project("{FAE04EC0-301F-11D3-BF4B-00C04F79EFBC}") = "Rndr", "src\Rndr\Rndr.csproj", "{A1B2C3D4-E5F6-7890-1234-567890ABCDEF}"
EndProject
Project("{FAE04EC0-301F-11D3-BF4B-00C04F79EFBC}") = "Rndr.Razor", "src\Rndr.Razor\Rndr.Razor.csproj", "{B2C3D4E5-F678-9012-3456-7890ABCDEF12}"
EndProject
Project("{FAE04EC0-301F-11D3-BF4B-00C04F79EFBC}") = "Rndr.Testing", "src\Rndr.Testing\Rndr.Testing.csproj", "{C3D4E5F6-7890-1234-5678-90ABCDEF1234}"
EndProject
Project("{FAE04EC0-301F-11D3-BF4B-00C04F79EFBC}") = "MyFocusTui", "examples\MyFocusTui\MyFocusTui.csproj", "{D4E5F678-9012-3456-7890-ABCDEF123456}"
EndProject
Project("{FAE04EC0-301F-11D3-BF4B-00C04F79EFBC}") = "Rndr.Tests", "tests\Rndr.Tests\Rndr.Tests.csproj", "{E5F67890-1234-5678-90AB-CDEF12345678}"
EndProject
Project("{FAE04EC0-301F-11D3-BF4B-00C04F79EFBC}") = "Rndr.Razor.Tests", "tests\Rndr.Razor.Tests\Rndr.Razor.Tests.csproj", "{F6789012-3456-7890-ABCD-EF1234567890}"
EndProject
Global
	GlobalSection(SolutionConfigurationPlatforms) = preSolution
		Debug|Any CPU = Debug|Any CPU
		Release|Any CPU = Release|Any CPU
	EndGlobalSection
	GlobalSection(ProjectConfigurationPlatforms) = postSolution
		{A1B2C3D4-E5F6-7890-1234-567890ABCDEF}.Debug|Any CPU.ActiveCfg = Debug|Any CPU
		{A1B2C3D4-E5F6-7890-1234-567890ABCDEF}.Debug|Any CPU.Build.0 = Debug|Any CPU
		{A1B2C3D4-E5F6-7890-1234-567890ABCDEF}.Release|Any CPU.ActiveCfg = Release|Any CPU
		{A1B2C3D4-E5F6-7890-1234-567890ABCDEF}.Release|Any CPU.Build.0 = Release|Any CPU
		{B2C3D4E5-F678-9012-3456-7890ABCDEF12}.Debug|Any CPU.ActiveCfg = Debug|Any CPU
		{B2C3D4E5-F678-9012-3456-7890ABCDEF12}.Debug|Any CPU.Build.0 = Debug|Any CPU
		{B2C3D4E5-F678-9012-3456-7890ABCDEF12}.Release|Any CPU.ActiveCfg = Release|Any CPU
		{B2C3D4E5-F678-9012-3456-7890ABCDEF12}.Release|Any CPU.Build.0 = Release|Any CPU
		{C3D4E5F6-7890-1234-5678-90ABCDEF1234}.Debug|Any CPU.ActiveCfg = Debug|Any CPU
		{C3D4E5F6-7890-1234-5678-90ABCDEF1234}.Debug|Any CPU.Build.0 = Debug|Any CPU
		{C3D4E5F6-7890-1234-5678-90ABCDEF1234}.Release|Any CPU.ActiveCfg = Release|Any CPU
		{C3D4E5F6-7890-1234-5678-90ABCDEF1234}.Release|Any CPU.Build.0 = Release|Any CPU
		{D4E5F678-9012-3456-7890-ABCDEF123456}.Debug|Any CPU.ActiveCfg = Debug|Any CPU
		{D4E5F678-9012-3456-7890-ABCDEF123456}.Debug|Any CPU.Build.0 = Debug|Any CPU
		{D4E5F678-9012-3456-7890-ABCDEF123456}.Release|Any CPU.ActiveCfg = Release|Any CPU
		{D4E5F678-9012-3456-7890-ABCDEF123456}.Release|Any CPU.Build.0 = Release|Any CPU
		{E5F67890-1234-5678-90AB-CDEF12345678}.Debug|Any CPU.ActiveCfg = Debug|Any CPU
		{E5F67890-1234-5678-90AB-CDEF12345678}.Debug|Any CPU.Build.0 = Debug|Any CPU
		{E5F67890-1234-5678-90AB-CDEF12345678}.Release|Any CPU.ActiveCfg = Release|Any CPU
		{E5F67890-1234-5678-90AB-CDEF12345678}.Release|Any CPU.Build.0 = Release|Any CPU
		{F6789012-3456-7890-ABCD-EF1234567890}.Debug|Any CPU.ActiveCfg = Debug|Any CPU
		{F6789012-3456-7890-ABCD-EF1234567890}.Debug|Any CPU.Build.0 = Debug|Any CPU
		{F6789012-3456-7890-ABCD-EF1234567890}.Release|Any CPU.ActiveCfg = Release|Any CPU
		{F6789012-3456-7890-ABCD-EF1234567890}.Release|Any CPU.Build.0 = Release|Any CPU
	EndGlobalSection
	GlobalSection(NestedProjects) = preSolution
		{A1B2C3D4-E5F6-7890-1234-567890ABCDEF} = {E9A8AACE-8C4B-4C5C-9D3B-1D2F3B4E5F6A}
		{B2C3D4E5-F678-9012-3456-7890ABCDEF12} = {E9A8AACE-8C4B-4C5C-9D3B-1D2F3B4E5F6A}
		{C3D4E5F6-7890-1234-5678-90ABCDEF1234} = {E9A8AACE-8C4B-4C5C-9D3B-1D2F3B4E5F6A}
		{D4E5F678-9012-3456-7890-ABCDEF123456} = {E9A8AACE-8C4B-4C5C-9D3B-1D2F3B4E5F6A}
		{E5F67890-1234-5678-90AB-CDEF12345678} = {F1B2C3D4-E5F6-7890-A1B2-C3D4E5F67890}
		{F6789012-3456-7890-ABCD-EF1234567890} = {F1B2C3D4-E5F6-7890-A1B2-C3D4E5F67890}
	EndGlobalSection
EndGlobal

